
Microsoft Visual Studio Solution File, Format Version 12.00
# Visual Studio Version 17
VisualStudioVersion = 17.9.34728.123
MinimumVisualStudioVersion = 10.0.40219.1
Project("{FAE04EC0-301F-11D3-BF4B-00C04F79EFBC}") = "MainComponents", "MainComponents\MainComponents.csproj", "{F1BF72EF-57D0-4A13-B118-1F1BECB18774}"
EndProject
Global
	GlobalSection(SolutionConfigurationPlatforms) = preSolution
		Debug|Any CPU = Debug|Any CPU
		Release|Any CPU = Release|Any CPU
	EndGlobalSection
	GlobalSection(ProjectConfigurationPlatforms) = postSolution
		{F1BF72EF-57D0-4A13-B118-1F1BECB18774}.Debug|Any CPU.ActiveCfg = Debug|Any CPU
		{F1BF72EF-57D0-4A13-B118-1F1BECB18774}.Debug|Any CPU.Build.0 = Debug|Any CPU
		{F1BF72EF-57D0-4A13-B118-1F1BECB18774}.Release|Any CPU.ActiveCfg = Release|Any CPU
		{F1BF72EF-57D0-4A13-B118-1F1BECB18774}.Release|Any CPU.Build.0 = Release|Any CPU
	EndGlobalSection
	GlobalSection(SolutionProperties) = preSolution
		HideSolutionNode = FALSE
	EndGlobalSection
	GlobalSection(ExtensibilityGlobals) = postSolution
		SolutionGuid = {AD5CD4EA-09E9-4CA6-9C21-927196CC52A2}
	EndGlobalSection
EndGlobal
